
Microsoft Visual Studio Solution File, Format Version 12.00
# Visual Studio Version 16
VisualStudioVersion = 16.0.34601.136
MinimumVisualStudioVersion = 10.0.40219.1
Project("{FAE04EC0-301F-11D3-BF4B-00C04F79EFBC}") = "Text-To-Speech", "Text-To-Speech\Text-To-Speech.csproj", "{240FF785-AE96-401D-832E-A0CC4DEFC2BD}"
EndProject
Global
	GlobalSection(SolutionConfigurationPlatforms) = preSolution
		Debug|Any CPU = Debug|Any CPU
		Release|Any CPU = Release|Any CPU
	EndGlobalSection
	GlobalSection(ProjectConfigurationPlatforms) = postSolution
		{240FF785-AE96-401D-832E-A0CC4DEFC2BD}.Debug|Any CPU.ActiveCfg = Debug|Any CPU
		{240FF785-AE96-401D-832E-A0CC4DEFC2BD}.Debug|Any CPU.Build.0 = Debug|Any CPU
		{240FF785-AE96-401D-832E-A0CC4DEFC2BD}.Release|Any CPU.ActiveCfg = Release|Any CPU
		{240FF785-AE96-401D-832E-A0CC4DEFC2BD}.Release|Any CPU.Build.0 = Release|Any CPU
	EndGlobalSection
	GlobalSection(SolutionProperties) = preSolution
		HideSolutionNode = FALSE
	EndGlobalSection
	GlobalSection(ExtensibilityGlobals) = postSolution
		SolutionGuid = {C7C926F5-1409-4581-9EA5-8ED525E8E3E3}
	EndGlobalSection
EndGlobal
